
Microsoft Visual Studio Solution File, Format Version 12.00
# Visual Studio Version 16
VisualStudioVersion = 16.0.31702.278
MinimumVisualStudioVersion = 10.0.40219.1
Project("{FAE04EC0-301F-11D3-BF4B-00C04F79EFBC}") = "lab01.1", "lab01\lab01.1.csproj", "{646D0088-9FA5-460C-B8BB-FC7E5B99D28E}"
EndProject
Project("{FAE04EC0-301F-11D3-BF4B-00C04F79EFBC}") = "lab01.2", "lab01d2\lab01.2.csproj", "{C5FAB1D2-4169-4684-9EC0-2259005A9334}"
EndProject
Project("{FAE04EC0-301F-11D3-BF4B-00C04F79EFBC}") = "lab01.2_XO", "lab01d2_XO\lab01.2_XO.csproj", "{FC1ADBC5-FCE3-4FF8-B6FB-A6C0DE386E4C}"
EndProject
Project("{FAE04EC0-301F-11D3-BF4B-00C04F79EFBC}") = "lab02.1", "lab02.1\lab02.1.csproj", "{BC76FFC6-2B23-46FB-A998-AD96C99FAC26}"
EndProject
Project("{FAE04EC0-301F-11D3-BF4B-00C04F79EFBC}") = "lab02_2_Shooter", "lab02_2_Shooter\lab02_2_Shooter.csproj", "{D1205BC7-67BB-4B69-A091-E55588E555FD}"
EndProject
Project("{FAE04EC0-301F-11D3-BF4B-00C04F79EFBC}") = "lab04_1", "lab04_1\lab04_1.csproj", "{5341E1C2-5458-4720-A3B5-B1B72DA39EA8}"
EndProject
Project("{9A19103F-16F7-4668-BE54-9A1E7A4F7556}") = "lab05_1WebAppMVC", "lab05_1WebAppMVC\lab05_1WebAppMVC.csproj", "{D0DAA6F4-CABD-44A6-A710-3C36828543E5}"
EndProject
Project("{9A19103F-16F7-4668-BE54-9A1E7A4F7556}") = "lab06_1WebAppREST_API", "..\..\..\..\..\MetodeAvansateDeProgramare_2022-2023\3.5.WebAppREST_API\3.5.WebAppREST_API\lab06_1WebAppREST_API.csproj", "{B09D32AC-D67A-4493-AAD5-5B5728A49851}"
EndProject
Project("{FAE04EC0-301F-11D3-BF4B-00C04F79EFBC}") = "lab08_2_Platformer", "lab08_2_Platformer\lab08_2_Platformer.csproj", "{554DBB1F-9A64-4431-82BB-3817C739AA3B}"
EndProject
Global
	GlobalSection(SolutionConfigurationPlatforms) = preSolution
		Debug|Any CPU = Debug|Any CPU
		Release|Any CPU = Release|Any CPU
	EndGlobalSection
	GlobalSection(ProjectConfigurationPlatforms) = postSolution
		{646D0088-9FA5-460C-B8BB-FC7E5B99D28E}.Debug|Any CPU.ActiveCfg = Debug|Any CPU
		{646D0088-9FA5-460C-B8BB-FC7E5B99D28E}.Debug|Any CPU.Build.0 = Debug|Any CPU
		{646D0088-9FA5-460C-B8BB-FC7E5B99D28E}.Release|Any CPU.ActiveCfg = Release|Any CPU
		{646D0088-9FA5-460C-B8BB-FC7E5B99D28E}.Release|Any CPU.Build.0 = Release|Any CPU
		{C5FAB1D2-4169-4684-9EC0-2259005A9334}.Debug|Any CPU.ActiveCfg = Debug|Any CPU
		{C5FAB1D2-4169-4684-9EC0-2259005A9334}.Debug|Any CPU.Build.0 = Debug|Any CPU
		{C5FAB1D2-4169-4684-9EC0-2259005A9334}.Release|Any CPU.ActiveCfg = Release|Any CPU
		{C5FAB1D2-4169-4684-9EC0-2259005A9334}.Release|Any CPU.Build.0 = Release|Any CPU
		{FC1ADBC5-FCE3-4FF8-B6FB-A6C0DE386E4C}.Debug|Any CPU.ActiveCfg = Debug|Any CPU
		{FC1ADBC5-FCE3-4FF8-B6FB-A6C0DE386E4C}.Debug|Any CPU.Build.0 = Debug|Any CPU
		{FC1ADBC5-FCE3-4FF8-B6FB-A6C0DE386E4C}.Release|Any CPU.ActiveCfg = Release|Any CPU
		{FC1ADBC5-FCE3-4FF8-B6FB-A6C0DE386E4C}.Release|Any CPU.Build.0 = Release|Any CPU
		{BC76FFC6-2B23-46FB-A998-AD96C99FAC26}.Debug|Any CPU.ActiveCfg = Debug|Any CPU
		{BC76FFC6-2B23-46FB-A998-AD96C99FAC26}.Debug|Any CPU.Build.0 = Debug|Any CPU
		{BC76FFC6-2B23-46FB-A998-AD96C99FAC26}.Release|Any CPU.ActiveCfg = Release|Any CPU
		{BC76FFC6-2B23-46FB-A998-AD96C99FAC26}.Release|Any CPU.Build.0 = Release|Any CPU
		{D1205BC7-67BB-4B69-A091-E55588E555FD}.Debug|Any CPU.ActiveCfg = Debug|Any CPU
		{D1205BC7-67BB-4B69-A091-E55588E555FD}.Debug|Any CPU.Build.0 = Debug|Any CPU
		{D1205BC7-67BB-4B69-A091-E55588E555FD}.Release|Any CPU.ActiveCfg = Release|Any CPU
		{D1205BC7-67BB-4B69-A091-E55588E555FD}.Release|Any CPU.Build.0 = Release|Any CPU
		{5341E1C2-5458-4720-A3B5-B1B72DA39EA8}.Debug|Any CPU.ActiveCfg = Debug|Any CPU
		{5341E1C2-5458-4720-A3B5-B1B72DA39EA8}.Debug|Any CPU.Build.0 = Debug|Any CPU
		{5341E1C2-5458-4720-A3B5-B1B72DA39EA8}.Release|Any CPU.ActiveCfg = Release|Any CPU
		{5341E1C2-5458-4720-A3B5-B1B72DA39EA8}.Release|Any CPU.Build.0 = Release|Any CPU
		{D0DAA6F4-CABD-44A6-A710-3C36828543E5}.Debug|Any CPU.ActiveCfg = Debug|Any CPU
		{D0DAA6F4-CABD-44A6-A710-3C36828543E5}.Debug|Any CPU.Build.0 = Debug|Any CPU
		{D0DAA6F4-CABD-44A6-A710-3C36828543E5}.Release|Any CPU.ActiveCfg = Release|Any CPU
		{D0DAA6F4-CABD-44A6-A710-3C36828543E5}.Release|Any CPU.Build.0 = Release|Any CPU
		{B09D32AC-D67A-4493-AAD5-5B5728A49851}.Debug|Any CPU.ActiveCfg = Debug|Any CPU
		{B09D32AC-D67A-4493-AAD5-5B5728A49851}.Debug|Any CPU.Build.0 = Debug|Any CPU
		{B09D32AC-D67A-4493-AAD5-5B5728A49851}.Release|Any CPU.ActiveCfg = Release|Any CPU
		{B09D32AC-D67A-4493-AAD5-5B5728A49851}.Release|Any CPU.Build.0 = Release|Any CPU
		{554DBB1F-9A64-4431-82BB-3817C739AA3B}.Debug|Any CPU.ActiveCfg = Debug|Any CPU
		{554DBB1F-9A64-4431-82BB-3817C739AA3B}.Debug|Any CPU.Build.0 = Debug|Any CPU
		{554DBB1F-9A64-4431-82BB-3817C739AA3B}.Release|Any CPU.ActiveCfg = Release|Any CPU
		{554DBB1F-9A64-4431-82BB-3817C739AA3B}.Release|Any CPU.Build.0 = Release|Any CPU
	EndGlobalSection
	GlobalSection(SolutionProperties) = preSolution
		HideSolutionNode = FALSE
	EndGlobalSection
	GlobalSection(ExtensibilityGlobals) = postSolution
		SolutionGuid = {C032FF85-478F-4204-AB6B-1A07F10C96EA}
	EndGlobalSection
EndGlobal
